
Microsoft Visual Studio Solution File, Format Version 12.00
# Visual Studio Version 16
VisualStudioVersion = 16.0.31911.196
MinimumVisualStudioVersion = 10.0.40219.1
Project("{FAE04EC0-301F-11D3-BF4B-00C04F79EFBC}") = "ExceptionTask1", "ExceptionTask1\ExceptionTask1.csproj", "{6DE482C6-1480-4B5D-BAA5-1ECAEAA7EEEB}"
EndProject
Global
	GlobalSection(SolutionConfigurationPlatforms) = preSolution
		Debug|Any CPU = Debug|Any CPU
		Release|Any CPU = Release|Any CPU
	EndGlobalSection
	GlobalSection(ProjectConfigurationPlatforms) = postSolution
		{6DE482C6-1480-4B5D-BAA5-1ECAEAA7EEEB}.Debug|Any CPU.ActiveCfg = Debug|Any CPU
		{6DE482C6-1480-4B5D-BAA5-1ECAEAA7EEEB}.Debug|Any CPU.Build.0 = Debug|Any CPU
		{6DE482C6-1480-4B5D-BAA5-1ECAEAA7EEEB}.Release|Any CPU.ActiveCfg = Release|Any CPU
		{6DE482C6-1480-4B5D-BAA5-1ECAEAA7EEEB}.Release|Any CPU.Build.0 = Release|Any CPU
	EndGlobalSection
	GlobalSection(SolutionProperties) = preSolution
		HideSolutionNode = FALSE
	EndGlobalSection
	GlobalSection(ExtensibilityGlobals) = postSolution
		SolutionGuid = {601772AC-3589-47FD-9FFC-9C7F83D45A1A}
	EndGlobalSection
EndGlobal
